
Microsoft Visual Studio Solution File, Format Version 12.00
# Visual Studio Version 17
VisualStudioVersion = 17.9.34607.119
MinimumVisualStudioVersion = 10.0.40219.1
Project("{9A19103F-16F7-4668-BE54-9A1E7A4F7556}") = "StripeApi", "StripeApi.csproj", "{736A1C43-BA07-4F35-B44F-728FD5B3DDD7}"
EndProject
Global
	GlobalSection(SolutionConfigurationPlatforms) = preSolution
		Debug|Any CPU = Debug|Any CPU
		Release|Any CPU = Release|Any CPU
	EndGlobalSection
	GlobalSection(ProjectConfigurationPlatforms) = postSolution
		{736A1C43-BA07-4F35-B44F-728FD5B3DDD7}.Debug|Any CPU.ActiveCfg = Debug|Any CPU
		{736A1C43-BA07-4F35-B44F-728FD5B3DDD7}.Debug|Any CPU.Build.0 = Debug|Any CPU
		{736A1C43-BA07-4F35-B44F-728FD5B3DDD7}.Release|Any CPU.ActiveCfg = Release|Any CPU
		{736A1C43-BA07-4F35-B44F-728FD5B3DDD7}.Release|Any CPU.Build.0 = Release|Any CPU
	EndGlobalSection
	GlobalSection(SolutionProperties) = preSolution
		HideSolutionNode = FALSE
	EndGlobalSection
	GlobalSection(ExtensibilityGlobals) = postSolution
		SolutionGuid = {656DAE39-9B53-4656-B9DC-5A130ABC86B3}
	EndGlobalSection
EndGlobal
